<?xml version="1.0" encoding="utf-8"?>
<Project ToolsVersion="4.0" xmlns="http://schemas.microsoft.com/developer/msbuild/2003">
  <ItemGroup>
    <Filter Include="Source Files">
      <UniqueIdentifier>{4FC737F1-C7A5-4376-A066-2A32D752A2FF}</UniqueIdentifier>
      <Extensions>cpp;c;cc;cxx;def;odl;idl;hpj;bat;asm;asmx</Extensions>
    </Filter>
    <Filter Include="Header Files">
      <UniqueIdentifier>{93995380-89BD-4b04-88EB-625FBE52EBFB}</UniqueIdentifier>
      <Extensions>h;hpp;hxx;hm;inl;inc;xsd</Extensions>
    </Filter>
    <Filter Include="Resource Files">
      <UniqueIdentifier>{67DA6AB6-F800-4c08-8B7A-83BB121AAD01}</UniqueIdentifier>
      <Extensions>rc;ico;cur;bmp;dlg;rc2;rct;bin;rgs;gif;jpg;jpeg;jpe;resx;tiff;tif;png;wav;mfcribbon-ms</Extensions>
    </Filter>
    <Filter Include="mylib">
      <UniqueIdentifier>{c0597802-7338-4cde-8183-890393820ec0}</UniqueIdentifier>
    </Filter>
    <Filter Include="mylib\common">
      <UniqueIdentifier>{9b60d41d-d95f-4268-9b13-f8a1894ccbd7}</UniqueIdentifier>
    </Filter>
    <Filter Include="mylib\road">
      <UniqueIdentifier>{1e84d208-9e97-47ab-b240-c294a0c71c89}</UniqueIdentifier>
    </Filter>
  </ItemGroup>
  <ItemGroup>
    <ClCompile Include="main.cpp">
      <Filter>Source Files</Filter>
    </ClCompile>
    <ClCompile Include="RoadPreprocessor.cpp">
      <Filter>Source Files</Filter>
    </ClCompile>
    <ClCompile Include="OSMRoadsParser.cpp">
      <Filter>Source Files</Filter>
    </ClCompile>
    <ClCompile Include="..\..\mylib\common\BBox.cpp">
      <Filter>mylib\common</Filter>
    </ClCompile>
    <ClCompile Include="..\..\mylib\common\Polygon2D.cpp">
      <Filter>mylib\common</Filter>
    </ClCompile>
    <ClCompile Include="..\..\mylib\common\Renderable.cpp">
      <Filter>mylib\common</Filter>
    </ClCompile>
    <ClCompile Include="..\..\mylib\common\Util.cpp">
      <Filter>mylib\common</Filter>
    </ClCompile>
    <ClCompile Include="..\..\mylib\road\GraphUtil.cpp">
      <Filter>mylib\road</Filter>
    </ClCompile>
    <ClCompile Include="..\..\mylib\road\RoadEdge.cpp">
      <Filter>mylib\road</Filter>
    </ClCompile>
    <ClCompile Include="..\..\mylib\road\RoadGraph.cpp">
      <Filter>mylib\road</Filter>
    </ClCompile>
    <ClCompile Include="..\..\mylib\road\RoadGraphRenderer.cpp">
      <Filter>mylib\road</Filter>
    </ClCompile>
    <ClCompile Include="..\..\mylib\road\RoadVertex.cpp">
      <Filter>mylib\road</Filter>
    </ClCompile>
    <ClCompile Include="..\..\mylib\common\Polyline2D.cpp">
      <Filter>mylib\common</Filter>
    </ClCompile>
  </ItemGroup>
  <ItemGroup>
    <ClInclude Include="RoadPreprocessor.h">
      <Filter>Header Files</Filter>
    </ClInclude>
    <ClInclude Include="OSMRoadsParser.h">
      <Filter>Header Files</Filter>
    </ClInclude>
    <ClInclude Include="..\..\mylib\common\BBox.h">
      <Filter>mylib\common</Filter>
    </ClInclude>
    <ClInclude Include="..\..\mylib\common\common.h">
      <Filter>mylib\common</Filter>
    </ClInclude>
    <ClInclude Include="..\..\mylib\common\Polygon2D.h">
      <Filter>mylib\common</Filter>
    </ClInclude>
    <ClInclude Include="..\..\mylib\common\Renderable.h">
      <Filter>mylib\common</Filter>
    </ClInclude>
    <ClInclude Include="..\..\mylib\common\Util.h">
      <Filter>mylib\common</Filter>
    </ClInclude>
    <ClInclude Include="..\..\mylib\road\GraphUtil.h">
      <Filter>mylib\road</Filter>
    </ClInclude>
    <ClInclude Include="..\..\mylib\road\RoadEdge.h">
      <Filter>mylib\road</Filter>
    </ClInclude>
    <ClInclude Include="..\..\mylib\road\RoadGraph.h">
      <Filter>mylib\road</Filter>
    </ClInclude>
    <ClInclude Include="..\..\mylib\road\RoadGraphRenderer.h">
      <Filter>mylib\road</Filter>
    </ClInclude>
    <ClInclude Include="..\..\mylib\road\RoadVertex.h">
      <Filter>mylib\road</Filter>
    </ClInclude>
    <ClInclude Include="..\..\mylib\common\Polyline2D.h">
      <Filter>mylib\common</Filter>
    </ClInclude>
  </ItemGroup>
</Project>